// !$*UTF8*$!
{
	archiveVersion = 1;
	classes = {
	};
	objectVersion = 50;
	objects = {

/* Begin PBXBuildFile section */
		BCADECA323EB94AA005789EA /* AppDelegate.swift in Sources */ = {isa = PBXBuildFile; fileRef = BCADECA223EB94AA005789EA /* AppDelegate.swift */; };
		BCADECA523EB94AA005789EA /* SceneDelegate.swift in Sources */ = {isa = PBXBuildFile; fileRef = BCADECA423EB94AA005789EA /* SceneDelegate.swift */; };
		BCADECA723EB94AA005789EA /* ViewController.swift in Sources */ = {isa = PBXBuildFile; fileRef = BCADECA623EB94AA005789EA /* ViewController.swift */; };
		BCADECAA23EB94AA005789EA /* Main.storyboard in Resources */ = {isa = PBXBuildFile; fileRef = BCADECA823EB94AA005789EA /* Main.storyboard */; };
		BCADECAC23EB94AB005789EA /* Assets.xcassets in Resources */ = {isa = PBXBuildFile; fileRef = BCADECAB23EB94AB005789EA /* Assets.xcassets */; };
		BCADECAF23EB94AB005789EA /* LaunchScreen.storyboard in Resources */ = {isa = PBXBuildFile; fileRef = BCADECAD23EB94AB005789EA /* LaunchScreen.storyboard */; };
		BCADECBA23EB94AC005789EA /* launch_mapapp_demoTests.swift in Sources */ = {isa = PBXBuildFile; fileRef = BCADECB923EB94AC005789EA /* launch_mapapp_demoTests.swift */; };
/* End PBXBuildFile section */

/* Begin PBXContainerItemProxy section */
		BCADECB623EB94AC005789EA /* PBXContainerItemProxy */ = {
			isa = PBXContainerItemProxy;
			containerPortal = BCADEC9723EB94AA005789EA /* Project object */;
			proxyType = 1;
			remoteGlobalIDString = BCADEC9E23EB94AA005789EA;
			remoteInfo = "launch-mapapp-demo";
		};
/* End PBXContainerItemProxy section */

/* Begin PBXFileReference section */
		BCADEC9F23EB94AA005789EA /* launch-mapapp-demo.app */ = {isa = PBXFileReference; explicitFileType = wrapper.application; includeInIndex = 0; path = "launch-mapapp-demo.app"; sourceTree = BUILT_PRODUCTS_DIR; };
		BCADECA223EB94AA005789EA /* AppDelegate.swift */ = {isa = PBXFileReference; lastKnownFileType = sourcecode.swift; path = AppDelegate.swift; sourceTree = "<group>"; };
		BCADECA423EB94AA005789EA /* SceneDelegate.swift */ = {isa = PBXFileReference; lastKnownFileType = sourcecode.swift; path = SceneDelegate.swift; sourceTree = "<group>"; };
		BCADECA623EB94AA005789EA /* ViewController.swift */ = {isa = PBXFileReference; lastKnownFileType = sourcecode.swift; path = ViewController.swift; sourceTree = "<group>"; };
		BCADECA923EB94AA005789EA /* Base */ = {isa = PBXFileReference; lastKnownFileType = file.storyboard; name = Base; path = Base.lproj/Main.storyboard; sourceTree = "<group>"; };
		BCADECAB23EB94AB005789EA /* Assets.xcassets */ = {isa = PBXFileReference; lastKnownFileType = folder.assetcatalog; path = Assets.xcassets; sourceTree = "<group>"; };
		BCADECAE23EB94AB005789EA /* Base */ = {isa = PBXFileReference; lastKnownFileType = file.storyboard; name = Base; path = Base.lproj/LaunchScreen.storyboard; sourceTree = "<group>"; };
		BCADECB023EB94AB005789EA /* Info.plist */ = {isa = PBXFileReference; lastKnownFileType = text.plist.xml; path = Info.plist; sourceTree = "<group>"; };
		BCADECB523EB94AC005789EA /* launch-mapapp-demoTests.xctest */ = {isa = PBXFileReference; explicitFileType = wrapper.cfbundle; includeInIndex = 0; path = "launch-mapapp-demoTests.xctest"; sourceTree = BUILT_PRODUCTS_DIR; };
		BCADECB923EB94AC005789EA /* launch_mapapp_demoTests.swift */ = {isa = PBXFileReference; lastKnownFileType = sourcecode.swift; path = launch_mapapp_demoTests.swift; sourceTree = "<group>"; };
		BCADECBB23EB94AC005789EA /* Info.plist */ = {isa = PBXFileReference; lastKnownFileType = text.plist.xml; path = Info.plist; sourceTree = "<group>"; };
/* End PBXFileReference section */

/* Begin PBXFrameworksBuildPhase section */
		BCADEC9C23EB94AA005789EA /* Frameworks */ = {
			isa = PBXFrameworksBuildPhase;
			buildActionMask = 2147483647;
			files = (
			);
			runOnlyForDeploymentPostprocessing = 0;
		};
		BCADECB223EB94AC005789EA /* Frameworks */ = {
			isa = PBXFrameworksBuildPhase;
			buildActionMask = 2147483647;
			files = (
			);
			runOnlyForDeploymentPostprocessing = 0;
		};
/* End PBXFrameworksBuildPhase section */

/* Begin PBXGroup section */
		BCADEC9623EB94AA005789EA = {
			isa = PBXGroup;
			children = (
				BCADECA123EB94AA005789EA /* launch-mapapp-demo */,
				BCADECB823EB94AC005789EA /* launch-mapapp-demoTests */,
				BCADECA023EB94AA005789EA /* Products */,
			);
			sourceTree = "<group>";
		};
		BCADECA023EB94AA005789EA /* Products */ = {
			isa = PBXGroup;
			children = (
				BCADEC9F23EB94AA005789EA /* launch-mapapp-demo.app */,
				BCADECB523EB94AC005789EA /* launch-mapapp-demoTests.xctest */,
			);
			name = Products;
			sourceTree = "<group>";
		};
		BCADECA123EB94AA005789EA /* launch-mapapp-demo */ = {
			isa = PBXGroup;
			children = (
				BCADECA223EB94AA005789EA /* AppDelegate.swift */,
				BCADECA423EB94AA005789EA /* SceneDelegate.swift */,
				BCADECA623EB94AA005789EA /* ViewController.swift */,
				BCADECA823EB94AA005789EA /* Main.storyboard */,
				BCADECAB23EB94AB005789EA /* Assets.xcassets */,
				BCADECAD23EB94AB005789EA /* LaunchScreen.storyboard */,
				BCADECB023EB94AB005789EA /* Info.plist */,
			);
			path = "launch-mapapp-demo";
			sourceTree = "<group>";
		};
		BCADECB823EB94AC005789EA /* launch-mapapp-demoTests */ = {
			isa = PBXGroup;
			children = (
				BCADECB923EB94AC005789EA /* launch_mapapp_demoTests.swift */,
				BCADECBB23EB94AC005789EA /* Info.plist */,
			);
			path = "launch-mapapp-demoTests";
			sourceTree = "<group>";
		};
/* End PBXGroup section */

/* Begin PBXNativeTarget section */
		BCADEC9E23EB94AA005789EA /* launch-mapapp-demo */ = {
			isa = PBXNativeTarget;
			buildConfigurationList = BCADECBE23EB94AC005789EA /* Build configuration list for PBXNativeTarget "launch-mapapp-demo" */;
			buildPhases = (
				BCADEC9B23EB94AA005789EA /* Sources */,
				BCADEC9C23EB94AA005789EA /* Frameworks */,
				BCADEC9D23EB94AA005789EA /* Resources */,
			);
			buildRules = (
			);
			dependencies = (
			);
			name = "launch-mapapp-demo";
			productName = "launch-mapapp-demo";
			productReference = BCADEC9F23EB94AA005789EA /* launch-mapapp-demo.app */;
			productType = "com.apple.product-type.application";
		};
		BCADECB423EB94AC005789EA /* launch-mapapp-demoTests */ = {
			isa = PBXNativeTarget;
			buildConfigurationList = BCADECC123EB94AC005789EA /* Build configuration list for PBXNativeTarget "launch-mapapp-demoTests" */;
			buildPhases = (
				BCADECB123EB94AC005789EA /* Sources */,
				BCADECB223EB94AC005789EA /* Frameworks */,
				BCADECB323EB94AC005789EA /* Resources */,
			);
			buildRules = (
			);
			dependencies = (
				BCADECB723EB94AC005789EA /* PBXTargetDependency */,
			);
			name = "launch-mapapp-demoTests";
			productName = "launch-mapapp-demoTests";
			productReference = BCADECB523EB94AC005789EA /* launch-mapapp-demoTests.xctest */;
			productType = "com.apple.product-type.bundle.unit-test";
		};
/* End PBXNativeTarget section */

/* Begin PBXProject section */
		BCADEC9723EB94AA005789EA /* Project object */ = {
			isa = PBXProject;
			attributes = {
				LastSwiftUpdateCheck = 1120;
				LastUpgradeCheck = 1120;
				ORGANIZATIONNAME = "eiji kushida";
				TargetAttributes = {
					BCADEC9E23EB94AA005789EA = {
						CreatedOnToolsVersion = 11.2.1;
					};
					BCADECB423EB94AC005789EA = {
						CreatedOnToolsVersion = 11.2.1;
						TestTargetID = BCADEC9E23EB94AA005789EA;
					};
				};
			};
			buildConfigurationList = BCADEC9A23EB94AA005789EA /* Build configuration list for PBXProject "launch-mapapp-demo" */;
			compatibilityVersion = "Xcode 9.3";
			developmentRegion = en;
			hasScannedForEncodings = 0;
			knownRegions = (
				en,
				Base,
			);
			mainGroup = BCADEC9623EB94AA005789EA;
			productRefGroup = BCADECA023EB94AA005789EA /* Products */;
			projectDirPath = "";
			projectRoot = "";
			targets = (
				BCADEC9E23EB94AA005789EA /* launch-mapapp-demo */,
				BCADECB423EB94AC005789EA /* launch-mapapp-demoTests */,
			);
		};
/* End PBXProject section */

/* Begin PBXResourcesBuildPhase section */
		BCADEC9D23EB94AA005789EA /* Resources */ = {
			isa = PBXResourcesBuildPhase;
			buildActionMask = 2147483647;
			files = (
				BCADECAF23EB94AB005789EA /* LaunchScreen.storyboard in Resources */,
				BCADECAC23EB94AB005789EA /* Assets.xcassets in Resources */,
				BCADECAA23EB94AA005789EA /* Main.storyboard in Resources */,
			);
			runOnlyForDeploymentPostprocessing = 0;
		};
		BCADECB323EB94AC005789EA /* Resources */ = {
			isa = PBXResourcesBuildPhase;
			buildActionMask = 2147483647;
			files = (
			);
			runOnlyForDeploymentPostprocessing = 0;
		};
/* End PBXResourcesBuildPhase section */

/* Begin PBXSourcesBuildPhase section */
		BCADEC9B23EB94AA005789EA /* Sources */ = {
			isa = PBXSourcesBuildPhase;
			buildActionMask = 2147483647;
			files = (
				BCADECA723EB94AA005789EA /* ViewController.swift in Sources */,
				BCADECA323EB94AA005789EA /* AppDelegate.swift in Sources */,
				BCADECA523EB94AA005789EA /* SceneDelegate.swift in Sources */,
			);
			runOnlyForDeploymentPostprocessing = 0;
		};
		BCADECB123EB94AC005789EA /* Sources */ = {
			isa = PBXSourcesBuildPhase;
			buildActionMask = 2147483647;
			files = (
				BCADECBA23EB94AC005789EA /* launch_mapapp_demoTests.swift in Sources */,
			);
			runOnlyForDeploymentPostprocessing = 0;
		};
/* End PBXSourcesBuildPhase section */

/* Begin PBXTargetDependency section */
		BCADECB723EB94AC005789EA /* PBXTargetDependency */ = {
			isa = PBXTargetDependency;
			target = BCADEC9E23EB94AA005789EA /* launch-mapapp-demo */;
			targetProxy = BCADECB623EB94AC005789EA /* PBXContainerItemProxy */;
		};
/* End PBXTargetDependency section */

/* Begin PBXVariantGroup section */
		BCADECA823EB94AA005789EA /* Main.storyboard */ = {
			isa = PBXVariantGroup;
			children = (
				BCADECA923EB94AA005789EA /* Base */,
			);
			name = Main.storyboard;
			sourceTree = "<group>";
		};
		BCADECAD23EB94AB005789EA /* LaunchScreen.storyboard */ = {
			isa = PBXVariantGroup;
			children = (
				BCADECAE23EB94AB005789EA /* Base */,
			);
			name = LaunchScreen.storyboard;
			sourceTree = "<group>";
		};
/* End PBXVariantGroup section */

/* Begin XCBuildConfiguration section */
		BCADECBC23EB94AC005789EA /* Debug */ = {
			isa = XCBuildConfiguration;
			buildSettings = {
				ALWAYS_SEARCH_USER_PATHS = NO;
				CLANG_ANALYZER_NONNULL = YES;
				CLANG_ANALYZER_NUMBER_OBJECT_CONVERSION = YES_AGGRESSIVE;
				CLANG_CXX_LANGUAGE_STANDARD = "gnu++14";
				CLANG_CXX_LIBRARY = "libc++";
				CLANG_ENABLE_MODULES = YES;
				CLANG_ENABLE_OBJC_ARC = YES;
				CLANG_ENABLE_OBJC_WEAK = YES;
				CLANG_WARN_BLOCK_CAPTURE_AUTORELEASING = YES;
				CLANG_WARN_BOOL_CONVERSION = YES;
				CLANG_WARN_COMMA = YES;
				CLANG_WARN_CONSTANT_CONVERSION = YES;
				CLANG_WARN_DEPRECATED_OBJC_IMPLEMENTATIONS = YES;
				CLANG_WARN_DIRECT_OBJC_ISA_USAGE = YES_ERROR;
				CLANG_WARN_DOCUMENTATION_COMMENTS = YES;
				CLANG_WARN_EMPTY_BODY = YES;
				CLANG_WARN_ENUM_CONVERSION = YES;
				CLANG_WARN_INFINITE_RECURSION = YES;
				CLANG_WARN_INT_CONVERSION = YES;
				CLANG_WARN_NON_LITERAL_NULL_CONVERSION = YES;
				CLANG_WARN_OBJC_IMPLICIT_RETAIN_SELF = YES;
				CLANG_WARN_OBJC_LITERAL_CONVERSION = YES;
				CLANG_WARN_OBJC_ROOT_CLASS = YES_ERROR;
				CLANG_WARN_RANGE_LOOP_ANALYSIS = YES;
				CLANG_WARN_STRICT_PROTOTYPES = YES;
				CLANG_WARN_SUSPICIOUS_MOVE = YES;
				CLANG_WARN_UNGUARDED_AVAILABILITY = YES_AGGRESSIVE;
				CLANG_WARN_UNREACHABLE_CODE = YES;
				CLANG_WARN__DUPLICATE_METHOD_MATCH = YES;
				COPY_PHASE_STRIP = NO;
				DEBUG_INFORMATION_FORMAT = dwarf;
				ENABLE_STRICT_OBJC_MSGSEND = YES;
				ENABLE_TESTABILITY = YES;
				GCC_C_LANGUAGE_STANDARD = gnu11;
				GCC_DYNAMIC_NO_PIC = NO;
				GCC_NO_COMMON_BLOCKS = YES;
				GCC_OPTIMIZATION_LEVEL = 0;
				GCC_PREPROCESSOR_DEFINITIONS = (
					"DEBUG=1",
					"$(inherited)",
				);
				GCC_WARN_64_TO_32_BIT_CONVERSION = YES;
				GCC_WARN_ABOUT_RETURN_TYPE = YES_ERROR;
				GCC_WARN_UNDECLARED_SELECTOR = YES;
				GCC_WARN_UNINITIALIZED_AUTOS = YES_AGGRESSIVE;
				GCC_WARN_UNUSED_FUNCTION = YES;
				GCC_WARN_UNUSED_VARIABLE = YES;
				IPHONEOS_DEPLOYMENT_TARGET = 13.2;
				MTL_ENABLE_DEBUG_INFO = INCLUDE_SOURCE;
				MTL_FAST_MATH = YES;
				ONLY_ACTIVE_ARCH = YES;
				SDKROOT = iphoneos;
				SWIFT_ACTIVE_COMPILATION_CONDITIONS = DEBUG;
				SWIFT_OPTIMIZATION_LEVEL = "-Onone";
			};
			name = Debug;
		};
		BCADECBD23EB94AC005789EA /* Release */ = {
			isa = XCBuildConfiguration;
			buildSettings = {
				ALWAYS_SEARCH_USER_PATHS = NO;
				CLANG_ANALYZER_NONNULL = YES;
				CLANG_ANALYZER_NUMBER_OBJECT_CONVERSION = YES_AGGRESSIVE;
				CLANG_CXX_LANGUAGE_STANDARD = "gnu++14";
				CLANG_CXX_LIBRARY = "libc++";
				CLANG_ENABLE_MODULES = YES;
				CLANG_ENABLE_OBJC_ARC = YES;
				CLANG_ENABLE_OBJC_WEAK = YES;
				CLANG_WARN_BLOCK_CAPTURE_AUTORELEASING = YES;
				CLANG_WARN_BOOL_CONVERSION = YES;
				CLANG_WARN_COMMA = YES;
				CLANG_WARN_CONSTANT_CONVERSION = YES;
				CLANG_WARN_DEPRECATED_OBJC_IMPLEMENTATIONS = YES;
				CLANG_WARN_DIRECT_OBJC_ISA_USAGE = YES_ERROR;
				CLANG_WARN_DOCUMENTATION_COMMENTS = YES;
				CLANG_WARN_EMPTY_BODY = YES;
				CLANG_WARN_ENUM_CONVERSION = YES;
				CLANG_WARN_INFINITE_RECURSION = YES;
				CLANG_WARN_INT_CONVERSION = YES;
				CLANG_WARN_NON_LITERAL_NULL_CONVERSION = YES;
				CLANG_WARN_OBJC_IMPLICIT_RETAIN_SELF = YES;
				CLANG_WARN_OBJC_LITERAL_CONVERSION = YES;
				CLANG_WARN_OBJC_ROOT_CLASS = YES_ERROR;
				CLANG_WARN_RANGE_LOOP_ANALYSIS = YES;
				CLANG_WARN_STRICT_PROTOTYPES = YES;
				CLANG_WARN_SUSPICIOUS_MOVE = YES;
				CLANG_WARN_UNGUARDED_AVAILABILITY = YES_AGGRESSIVE;
				CLANG_WARN_UNREACHABLE_CODE = YES;
				CLANG_WARN__DUPLICATE_METHOD_MATCH = YES;
				COPY_PHASE_STRIP = NO;
				DEBUG_INFORMATION_FORMAT = "dwarf-with-dsym";
				ENABLE_NS_ASSERTIONS = NO;
				ENABLE_STRICT_OBJC_MSGSEND = YES;
				GCC_C_LANGUAGE_STANDARD = gnu11;
				GCC_NO_COMMON_BLOCKS = YES;
				GCC_WARN_64_TO_32_BIT_CONVERSION = YES;
				GCC_WARN_ABOUT_RETURN_TYPE = YES_ERROR;
				GCC_WARN_UNDECLARED_SELECTOR = YES;
				GCC_WARN_UNINITIALIZED_AUTOS = YES_AGGRESSIVE;
				GCC_WARN_UNUSED_FUNCTION = YES;
				GCC_WARN_UNUSED_VARIABLE = YES;
				IPHONEOS_DEPLOYMENT_TARGET = 13.2;
				MTL_ENABLE_DEBUG_INFO = NO;
				MTL_FAST_MATH = YES;
				SDKROOT = iphoneos;
				SWIFT_COMPILATION_MODE = wholemodule;
				SWIFT_OPTIMIZATION_LEVEL = "-O";
				VALIDATE_PRODUCT = YES;
			};
			name = Release;
		};
		BCADECBF23EB94AC005789EA /* Debug */ = {
			isa = XCBuildConfiguration;
			buildSettings = {
				ASSETCATALOG_COMPILER_APPICON_NAME = AppIcon;
				CODE_SIGN_STYLE = Automatic;
				DEVELOPMENT_TEAM = PCCZJUYRT6;
				INFOPLIST_FILE = "launch-mapapp-demo/Info.plist";
				LD_RUNPATH_SEARCH_PATHS = (
					"$(inherited)",
					"@executable_path/Frameworks",
				);
				PRODUCT_BUNDLE_IDENTIFIER = "jp.stv-tech.launch-mapapp-demo";
				PRODUCT_NAME = "$(TARGET_NAME)";
				SWIFT_VERSION = 5.0;
				TARGETED_DEVICE_FAMILY = "1,2";
			};
			name = Debug;
		};
		BCADECC023EB94AC005789EA /* Release */ = {
			isa = XCBuildConfiguration;
			buildSettings = {
				ASSETCATALOG_COMPILER_APPICON_NAME = AppIcon;
				CODE_SIGN_STYLE = Automatic;
				DEVELOPMENT_TEAM = PCCZJUYRT6;
				INFOPLIST_FILE = "launch-mapapp-demo/Info.plist";
				LD_RUNPATH_SEARCH_PATHS = (
					"$(inherited)",
					"@executable_path/Frameworks",
				);
				PRODUCT_BUNDLE_IDENTIFIER = "jp.stv-tech.launch-mapapp-demo";
				PRODUCT_NAME = "$(TARGET_NAME)";
				SWIFT_VERSION = 5.0;
				TARGETED_DEVICE_FAMILY = "1,2";
			};
			name = Release;
		};
		BCADECC223EB94AC005789EA /* Debug */ = {
			isa = XCBuildConfiguration;
			buildSettings = {
				ALWAYS_EMBED_SWIFT_STANDARD_LIBRARIES = YES;
				BUNDLE_LOADER = "$(TEST_HOST)";
				CODE_SIGN_STYLE = Automatic;
				DEVELOPMENT_TEAM = PCCZJUYRT6;
				INFOPLIST_FILE = "launch-mapapp-demoTests/Info.plist";
				IPHONEOS_DEPLOYMENT_TARGET = 13.2;
				LD_RUNPATH_SEARCH_PATHS = (
					"$(inherited)",
					"@executable_path/Frameworks",
					"@loader_path/Frameworks",
				);
				PRODUCT_BUNDLE_IDENTIFIER = "jp.stv-tech.launch-mapapp-demoTests";
				PRODUCT_NAME = "$(TARGET_NAME)";
				SWIFT_VERSION = 5.0;
				TARGETED_DEVICE_FAMILY = "1,2";
				TEST_HOST = "$(BUILT_PRODUCTS_DIR)/launch-mapapp-demo.app/launch-mapapp-demo";
			};
			name = Debug;
		};
		BCADECC323EB94AC005789EA /* Release */ = {
			isa = XCBuildConfiguration;
			buildSettings = {
				ALWAYS_EMBED_SWIFT_STANDARD_LIBRARIES = YES;
				BUNDLE_LOADER = "$(TEST_HOST)";
				CODE_SIGN_STYLE = Automatic;
				DEVELOPMENT_TEAM = PCCZJUYRT6;
				INFOPLIST_FILE = "launch-mapapp-demoTests/Info.plist";
				IPHONEOS_DEPLOYMENT_TARGET = 13.2;
				LD_RUNPATH_SEARCH_PATHS = (
					"$(inherited)",
					"@executable_path/Frameworks",
					"@loader_path/Frameworks",
				);
				PRODUCT_BUNDLE_IDENTIFIER = "jp.stv-tech.launch-mapapp-demoTests";
				PRODUCT_NAME = "$(TARGET_NAME)";
				SWIFT_VERSION = 5.0;
				TARGETED_DEVICE_FAMILY = "1,2";
				TEST_HOST = "$(BUILT_PRODUCTS_DIR)/launch-mapapp-demo.app/launch-mapapp-demo";
			};
			name = Release;
		};
/* End XCBuildConfiguration section */

/* Begin XCConfigurationList section */
		BCADEC9A23EB94AA005789EA /* Build configuration list for PBXProject "launch-mapapp-demo" */ = {
			isa = XCConfigurationList;
			buildConfigurations = (
				BCADECBC23EB94AC005789EA /* Debug */,
				BCADECBD23EB94AC005789EA /* Release */,
			);
			defaultConfigurationIsVisible = 0;
			defaultConfigurationName = Release;
		};
		BCADECBE23EB94AC005789EA /* Build configuration list for PBXNativeTarget "launch-mapapp-demo" */ = {
			isa = XCConfigurationList;
			buildConfigurations = (
				BCADECBF23EB94AC005789EA /* Debug */,
				BCADECC023EB94AC005789EA /* Release */,
			);
			defaultConfigurationIsVisible = 0;
			defaultConfigurationName = Release;
		};
		BCADECC123EB94AC005789EA /* Build configuration list for PBXNativeTarget "launch-mapapp-demoTests" */ = {
			isa = XCConfigurationList;
			buildConfigurations = (
				BCADECC223EB94AC005789EA /* Debug */,
				BCADECC323EB94AC005789EA /* Release */,
			);
			defaultConfigurationIsVisible = 0;
			defaultConfigurationName = Release;
		};
/* End XCConfigurationList section */
	};
	rootObject = BCADEC9723EB94AA005789EA /* Project object */;
}
